
Microsoft Visual Studio Solution File, Format Version 12.00
# Visual Studio Version 16
VisualStudioVersion = 16.0.30907.101
MinimumVisualStudioVersion = 10.0.40219.1
Project("{9A19103F-16F7-4668-BE54-9A1E7A4F7556}") = "Calculator_TDD", "Calculator_TDD\Calculator_TDD.csproj", "{098D08AA-B7ED-4385-84F8-1C9EBC73A691}"
EndProject
Project("{9A19103F-16F7-4668-BE54-9A1E7A4F7556}") = "CalculatorClassLibrary", "CalculatorClassLibrary\CalculatorClassLibrary.csproj", "{82C908A3-7065-4988-86AD-BCF32F036C63}"
EndProject
Project("{9A19103F-16F7-4668-BE54-9A1E7A4F7556}") = "CalculatorClassLibraryTests", "CalculatorClassLibraryTests\CalculatorClassLibraryTests.csproj", "{011DB965-4BF9-4E13-8920-E55E024842A0}"
EndProject
Global
	GlobalSection(SolutionConfigurationPlatforms) = preSolution
		Debug|Any CPU = Debug|Any CPU
		Release|Any CPU = Release|Any CPU
	EndGlobalSection
	GlobalSection(ProjectConfigurationPlatforms) = postSolution
		{098D08AA-B7ED-4385-84F8-1C9EBC73A691}.Debug|Any CPU.ActiveCfg = Debug|Any CPU
		{098D08AA-B7ED-4385-84F8-1C9EBC73A691}.Debug|Any CPU.Build.0 = Debug|Any CPU
		{098D08AA-B7ED-4385-84F8-1C9EBC73A691}.Release|Any CPU.ActiveCfg = Release|Any CPU
		{098D08AA-B7ED-4385-84F8-1C9EBC73A691}.Release|Any CPU.Build.0 = Release|Any CPU
		{82C908A3-7065-4988-86AD-BCF32F036C63}.Debug|Any CPU.ActiveCfg = Debug|Any CPU
		{82C908A3-7065-4988-86AD-BCF32F036C63}.Debug|Any CPU.Build.0 = Debug|Any CPU
		{82C908A3-7065-4988-86AD-BCF32F036C63}.Release|Any CPU.ActiveCfg = Release|Any CPU
		{82C908A3-7065-4988-86AD-BCF32F036C63}.Release|Any CPU.Build.0 = Release|Any CPU
		{011DB965-4BF9-4E13-8920-E55E024842A0}.Debug|Any CPU.ActiveCfg = Debug|Any CPU
		{011DB965-4BF9-4E13-8920-E55E024842A0}.Debug|Any CPU.Build.0 = Debug|Any CPU
		{011DB965-4BF9-4E13-8920-E55E024842A0}.Release|Any CPU.ActiveCfg = Release|Any CPU
		{011DB965-4BF9-4E13-8920-E55E024842A0}.Release|Any CPU.Build.0 = Release|Any CPU
	EndGlobalSection
	GlobalSection(SolutionProperties) = preSolution
		HideSolutionNode = FALSE
	EndGlobalSection
	GlobalSection(ExtensibilityGlobals) = postSolution
		SolutionGuid = {0339775B-3373-4522-87F1-EA2BDD3D1C73}
	EndGlobalSection
EndGlobal
